
Microsoft Visual Studio Solution File, Format Version 12.00
# Visual Studio 15
VisualStudioVersion = 15.0.27428.2043
MinimumVisualStudioVersion = 10.0.40219.1
Project("{9A19103F-16F7-4668-BE54-9A1E7A4F7556}") = "Example.Settings", "Example.Settings\Example.Settings.csproj", "{64BB0E9A-9EFA-473D-9963-336A357C4005}"
EndProject
Project("{9A19103F-16F7-4668-BE54-9A1E7A4F7556}") = "Example.Contract", "Example.Contract\Example.Contract.csproj", "{A327687A-EB06-44DC-9439-7D3C8833EA7B}"
EndProject
Project("{9A19103F-16F7-4668-BE54-9A1E7A4F7556}") = "Example.Domain", "Example.Domain\Example.Domain.csproj", "{765EA8F1-1A12-4ACE-A46E-2F4D5F987DE7}"
EndProject
Project("{9A19103F-16F7-4668-BE54-9A1E7A4F7556}") = "Example.ProducerConsumer.Host", "Example.ProducerConsumer.Host\Example.ProducerConsumer.Host.csproj", "{BC9B6571-6871-4FAE-A9E1-5237312A7C0F}"
EndProject
Project("{9A19103F-16F7-4668-BE54-9A1E7A4F7556}") = "Example.Common.CommandValidation", "Example.Common.CommandValidation\Example.Common.CommandValidation.csproj", "{CABCB7EC-9C44-499D-A218-1A7731240C8A}"
EndProject
Project("{FAE04EC0-301F-11D3-BF4B-00C04F79EFBC}") = "Example.ProducerConsumer.WebApi", "Example.ProducerConsumer.WebApi\Example.ProducerConsumer.WebApi.csproj", "{C6E9F7C7-ACE1-469B-959B-34C48D516824}"
EndProject
Global
	GlobalSection(SolutionConfigurationPlatforms) = preSolution
		Debug|Any CPU = Debug|Any CPU
		Release|Any CPU = Release|Any CPU
	EndGlobalSection
	GlobalSection(ProjectConfigurationPlatforms) = postSolution
		{64BB0E9A-9EFA-473D-9963-336A357C4005}.Debug|Any CPU.ActiveCfg = Debug|Any CPU
		{64BB0E9A-9EFA-473D-9963-336A357C4005}.Debug|Any CPU.Build.0 = Debug|Any CPU
		{64BB0E9A-9EFA-473D-9963-336A357C4005}.Release|Any CPU.ActiveCfg = Release|Any CPU
		{64BB0E9A-9EFA-473D-9963-336A357C4005}.Release|Any CPU.Build.0 = Release|Any CPU
		{A327687A-EB06-44DC-9439-7D3C8833EA7B}.Debug|Any CPU.ActiveCfg = Debug|Any CPU
		{A327687A-EB06-44DC-9439-7D3C8833EA7B}.Debug|Any CPU.Build.0 = Debug|Any CPU
		{A327687A-EB06-44DC-9439-7D3C8833EA7B}.Release|Any CPU.ActiveCfg = Release|Any CPU
		{A327687A-EB06-44DC-9439-7D3C8833EA7B}.Release|Any CPU.Build.0 = Release|Any CPU
		{765EA8F1-1A12-4ACE-A46E-2F4D5F987DE7}.Debug|Any CPU.ActiveCfg = Debug|Any CPU
		{765EA8F1-1A12-4ACE-A46E-2F4D5F987DE7}.Debug|Any CPU.Build.0 = Debug|Any CPU
		{765EA8F1-1A12-4ACE-A46E-2F4D5F987DE7}.Release|Any CPU.ActiveCfg = Release|Any CPU
		{765EA8F1-1A12-4ACE-A46E-2F4D5F987DE7}.Release|Any CPU.Build.0 = Release|Any CPU
		{BC9B6571-6871-4FAE-A9E1-5237312A7C0F}.Debug|Any CPU.ActiveCfg = Debug|Any CPU
		{BC9B6571-6871-4FAE-A9E1-5237312A7C0F}.Debug|Any CPU.Build.0 = Debug|Any CPU
		{BC9B6571-6871-4FAE-A9E1-5237312A7C0F}.Release|Any CPU.ActiveCfg = Release|Any CPU
		{BC9B6571-6871-4FAE-A9E1-5237312A7C0F}.Release|Any CPU.Build.0 = Release|Any CPU
		{CABCB7EC-9C44-499D-A218-1A7731240C8A}.Debug|Any CPU.ActiveCfg = Debug|Any CPU
		{CABCB7EC-9C44-499D-A218-1A7731240C8A}.Debug|Any CPU.Build.0 = Debug|Any CPU
		{CABCB7EC-9C44-499D-A218-1A7731240C8A}.Release|Any CPU.ActiveCfg = Release|Any CPU
		{CABCB7EC-9C44-499D-A218-1A7731240C8A}.Release|Any CPU.Build.0 = Release|Any CPU
		{C6E9F7C7-ACE1-469B-959B-34C48D516824}.Debug|Any CPU.ActiveCfg = Debug|Any CPU
		{C6E9F7C7-ACE1-469B-959B-34C48D516824}.Debug|Any CPU.Build.0 = Debug|Any CPU
		{C6E9F7C7-ACE1-469B-959B-34C48D516824}.Release|Any CPU.ActiveCfg = Release|Any CPU
		{C6E9F7C7-ACE1-469B-959B-34C48D516824}.Release|Any CPU.Build.0 = Release|Any CPU
	EndGlobalSection
	GlobalSection(SolutionProperties) = preSolution
		HideSolutionNode = FALSE
	EndGlobalSection
	GlobalSection(ExtensibilityGlobals) = postSolution
		SolutionGuid = {803C1552-CD52-4415-B047-CDE5F414507A}
	EndGlobalSection
EndGlobal
